Microsoft Visual Studio Solution File, Format Version 12.00
# Visual Studio Version 16
VisualStudioVersion = 16.0.29613.14
MinimumVisualStudioVersion = 10.0.40219.1
Project("{FAE04EC0-301F-11D3-BF4B-00C04F79EFBC}") = "SvgViewer.Wpf", "SvgViewer\SvgViewer.csproj", "{950268C7-328C-4921-A554-B806DD966869}"
EndProject
Global
	GlobalSection(SolutionConfigurationPlatforms) = preSolution
		Debug|Any CPU = Debug|Any CPU
		Release|Any CPU = Release|Any CPU
	EndGlobalSection
	GlobalSection(ProjectConfigurationPlatforms) = postSolution
		{950268C7-328C-4921-A554-B806DD966869}.Debug|Any CPU.ActiveCfg = Debug|Any CPU
		{950268C7-328C-4921-A554-B806DD966869}.Debug|Any CPU.Build.0 = Debug|Any CPU
		{950268C7-328C-4921-A554-B806DD966869}.Release|Any CPU.ActiveCfg = Release|Any CPU
		{950268C7-328C-4921-A554-B806DD966869}.Release|Any CPU.Build.0 = Release|Any CPU
	EndGlobalSection
	GlobalSection(SolutionProperties) = preSolution
		HideSolutionNode = FALSE
	EndGlobalSection
	GlobalSection(NestedProjects) = preSolution
		{950268C7-328C-4921-A554-B806DD966869} = {B86D794E-1A2E-4F5D-AEFB-30D6A2A295E2}
	EndGlobalSection
	GlobalSection(ExtensibilityGlobals) = postSolution
		SolutionGuid = {ECBBFB65-D6D1-4727-BE82-54D52CE8FCF3}
	EndGlobalSection
EndGlobal
